Microsoft Visual Studio Solution File, Format Version 12.00
# Visual Studio Version 17
VisualStudioVersion = 17.5.2.0
MinimumVisualStudioVersion = 10.0.40219.1
Project("{FAE04EC0-301F-11D3-BF4B-00C04F79EFBC}") = "MyNotepad", "MyNotepad.csproj", "{D737DC6F-B471-4E9B-1535-105A0ED63942}"
EndProject
Global
	GlobalSection(SolutionConfigurationPlatforms) = preSolution
		Debug|Any CPU = Debug|Any CPU
		Release|Any CPU = Release|Any CPU
	EndGlobalSection
	GlobalSection(ProjectConfigurationPlatforms) = postSolution
		{D737DC6F-B471-4E9B-1535-105A0ED63942}.Debug|Any CPU.ActiveCfg = Debug|Any CPU
		{D737DC6F-B471-4E9B-1535-105A0ED63942}.Debug|Any CPU.Build.0 = Debug|Any CPU
		{D737DC6F-B471-4E9B-1535-105A0ED63942}.Release|Any CPU.ActiveCfg = Release|Any CPU
		{D737DC6F-B471-4E9B-1535-105A0ED63942}.Release|Any CPU.Build.0 = Release|Any CPU
	EndGlobalSection
	GlobalSection(SolutionProperties) = preSolution
		HideSolutionNode = FALSE
	EndGlobalSection
	GlobalSection(ExtensibilityGlobals) = postSolution
		SolutionGuid = {59679C24-DC54-4C50-898F-F643DB8A9392}
	EndGlobalSection
EndGlobal
